{
  "lockfileVersion": 1,
  "workspaces": {
    "": {
      "devDependencies": {
        "react-native-dotenv": "^3.4.11",
      },
    },
  },
  "packages": {
    "@babel/runtime": ["@babel/runtime@7.28.4", "", {}, "sha512-Q/N6JNWvIvPnLDvjlE1OUBLPQHH6l3CltCEsHIujp45zQUSSh8K+gHnaEX45yAT1nyngnINhvWtzN+Nb9D8RAQ=="],

    "dotenv": ["dotenv@16.6.1", "", {}, "sha512-uBq4egWHTcTt33a72vpSG0z3HnPuIl6NqYcTrKEg2azoEyl2hpW0zqlxysq2pK9HlDIHyHyakeYaYnSAwd8bow=="],

    "react-native-dotenv": ["react-native-dotenv@3.4.11", "", { "dependencies": { "dotenv": "^16.4.5" }, "peerDependencies": { "@babel/runtime": "^7.20.6" } }, "sha512-6vnIE+WHABSeHCaYP6l3O1BOEhWxKH6nHAdV7n/wKn/sciZ64zPPp2NUdEUf1m7g4uuzlLbjgr+6uDt89q2DOg=="],
  }
}
